
Microsoft Visual Studio Solution File, Format Version 12.00
# Visual Studio 14
VisualStudioVersion = 14.0.24720.0
MinimumVisualStudioVersion = 10.0.40219.1
Project("{2150E333-8FDC-42A3-9474-1A3956D46DE8}") = "src", "src", "{A0E25870-6C4B-4097-A51E-C458728AED2E}"
EndProject
Project("{2150E333-8FDC-42A3-9474-1A3956D46DE8}") = "Solution Items", "Solution Items", "{B2ACB58B-79CD-4595-A47A-A1E3E417C3E2}"
	ProjectSection(SolutionItems) = preProject
		global.json = global.json
	EndProjectSection
EndProject
Project("{8BB2217D-0F2D-49D1-97BC-3654ED321F3B}") = "TheWorld", "src\TheWorld\TheWorld.xproj", "{1CDCA441-5251-4103-A1D1-AE26FFACB967}"
EndProject
Global
	GlobalSection(SolutionConfigurationPlatforms) = preSolution
		Debug|Any CPU = Debug|Any CPU
		Release|Any CPU = Release|Any CPU
	EndGlobalSection
	GlobalSection(ProjectConfigurationPlatforms) = postSolution
		{1CDCA441-5251-4103-A1D1-AE26FFACB967}.Debug|Any CPU.ActiveCfg = Debug|Any CPU
		{1CDCA441-5251-4103-A1D1-AE26FFACB967}.Debug|Any CPU.Build.0 = Debug|Any CPU
		{1CDCA441-5251-4103-A1D1-AE26FFACB967}.Release|Any CPU.ActiveCfg = Release|Any CPU
		{1CDCA441-5251-4103-A1D1-AE26FFACB967}.Release|Any CPU.Build.0 = Release|Any CPU
	EndGlobalSection
	GlobalSection(SolutionProperties) = preSolution
		HideSolutionNode = FALSE
	EndGlobalSection
	GlobalSection(NestedProjects) = preSolution
		{1CDCA441-5251-4103-A1D1-AE26FFACB967} = {A0E25870-6C4B-4097-A51E-C458728AED2E}
	EndGlobalSection
EndGlobal
