
Microsoft Visual Studio Solution File, Format Version 12.00
# Visual Studio Version 16
VisualStudioVersion = 16.0.29418.71
MinimumVisualStudioVersion = 10.0.40219.1
Project("{9A19103F-16F7-4668-BE54-9A1E7A4F7556}") = "BankAccount", "BankAccount.csproj", "{3E0D02BE-5B6B-461E-9AD8-9201643A99BC}"
EndProject
Global
	GlobalSection(SolutionConfigurationPlatforms) = preSolution
		Debug|Any CPU = Debug|Any CPU
		Release|Any CPU = Release|Any CPU
	EndGlobalSection
	GlobalSection(ProjectConfigurationPlatforms) = postSolution
		{3E0D02BE-5B6B-461E-9AD8-9201643A99BC}.Debug|Any CPU.ActiveCfg = Debug|Any CPU
		{3E0D02BE-5B6B-461E-9AD8-9201643A99BC}.Debug|Any CPU.Build.0 = Debug|Any CPU
		{3E0D02BE-5B6B-461E-9AD8-9201643A99BC}.Release|Any CPU.ActiveCfg = Release|Any CPU
		{3E0D02BE-5B6B-461E-9AD8-9201643A99BC}.Release|Any CPU.Build.0 = Release|Any CPU
	EndGlobalSection
	GlobalSection(SolutionProperties) = preSolution
		HideSolutionNode = FALSE
	EndGlobalSection
	GlobalSection(ExtensibilityGlobals) = postSolution
		SolutionGuid = {2C04F44E-D76E-4E8D-B291-A74A291EE6D5}
	EndGlobalSection
EndGlobal
