# THIS IS AN AUTOGENERATED FILE. DO NOT EDIT THIS FILE DIRECTLY.
# yarn lockfile v1


"@babel/code-frame@^7.0.0", "@babel/code-frame@^7.5.5":
  version "7.5.5"
  resolved "https://registry.yarnpkg.com/@babel/code-frame/-/code-frame-7.5.5.tgz#bc0782f6d69f7b7d49531219699b988f669a8f9d"
  integrity sha512-27d4lZoomVyo51VegxI20xZPuSHusqbQag/ztrBC7wegWoQ1nLREPVSKSW8byhTlzTKyNE4ifaTA6lCp7JjpFw==
  dependencies:
    "@babel/highlight" "^7.0.0"

"@babel/core@^7.1.0":
  version "7.5.5"
  resolved "https://registry.yarnpkg.com/@babel/core/-/core-7.5.5.tgz#17b2686ef0d6bc58f963dddd68ab669755582c30"
  integrity sha512-i4qoSr2KTtce0DmkuuQBV4AuQgGPUcPXMr9L5MyYAtk06z068lQ10a4O009fe5OB/DfNV+h+qqT7ddNV8UnRjg==
  dependencies:
    "@babel/code-frame" "^7.5.5"
    "@babel/generator" "^7.5.5"
    "@babel/helpers" "^7.5.5"
    "@babel/parser" "^7.5.5"
    "@babel/template" "^7.4.4"
    "@babel/traverse" "^7.5.5"
    "@babel/types" "^7.5.5"
    convert-source-map "^1.1.0"
    debug "^4.1.0"
    json5 "^2.1.0"
    lodash "^4.17.13"
    resolve "^1.3.2"
    semver "^5.4.1"
    source-map "^0.5.0"

"@babel/generator@^7.4.0", "@babel/generator@^7.5.5":
  version "7.5.5"
  resolved "https://registry.yarnpkg.com/@babel/generator/-/generator-7.5.5.tgz#873a7f936a3c89491b43536d12245b626664e3cf"
  integrity sha512-ETI/4vyTSxTzGnU2c49XHv2zhExkv9JHLTwDAFz85kmcwuShvYG2H08FwgIguQf4JC75CBnXAUM5PqeF4fj0nQ==
  dependencies:
    "@babel/types" "^7.5.5"
    jsesc "^2.5.1"
    lodash "^4.17.13"
    source-map "^0.5.0"
    trim-right "^1.0.1"

"@babel/helper-function-name@^7.1.0":
  version "7.1.0"
  resolved "https://registry.yarnpkg.com/@babel/helper-function-name/-/helper-function-name-7.1.0.tgz#a0ceb01685f73355d4360c1247f582bfafc8ff53"
  integrity sha512-A95XEoCpb3TO+KZzJ4S/5uW5fNe26DjBGqf1o9ucyLyCmi1dXq/B3c8iaWTfBk3VvetUxl16e8tIrd5teOCfGw==
  dependencies:
    "@babel/helper-get-function-arity" "^7.0.0"
    "@babel/template" "^7.1.0"
    "@babel/types" "^7.0.0"

"@babel/helper-get-function-arity@^7.0.0":
  version "7.0.0"
  resolved "https://registry.yarnpkg.com/@babel/helper-get-function-arity/-/helper-get-function-arity-7.0.0.tgz#83572d4320e2a4657263734113c42868b64e49c3"
  integrity sha512-r2DbJeg4svYvt3HOS74U4eWKsUAMRH01Z1ds1zx8KNTPtpTL5JAsdFv8BNyOpVqdFhHkkRDIg5B4AsxmkjAlmQ==
  dependencies:
    "@babel/types" "^7.0.0"

"@babel/helper-plugin-utils@^7.0.0":
  version "7.0.0"
  resolved "https://registry.yarnpkg.com/@babel/helper-plugin-utils/-/helper-plugin-utils-7.0.0.tgz#bbb3fbee98661c569034237cc03967ba99b4f250"
  integrity sha512-CYAOUCARwExnEixLdB6sDm2dIJ/YgEAKDM1MOeMeZu9Ld/bDgVo8aiWrXwcY7OBh+1Ea2uUcVRcxKk0GJvW7QA==

"@babel/helper-split-export-declaration@^7.4.4":
  version "7.4.4"
  resolved "https://registry.yarnpkg.com/@babel/helper-split-export-declaration/-/helper-split-export-declaration-7.4.4.tgz#ff94894a340be78f53f06af038b205c49d993677"
  integrity sha512-Ro/XkzLf3JFITkW6b+hNxzZ1n5OQ80NvIUdmHspih1XAhtN3vPTuUFT4eQnela+2MaZ5ulH+iyP513KJrxbN7Q==
  dependencies:
    "@babel/types" "^7.4.4"

"@babel/helpers@^7.5.5":
  version "7.5.5"
  resolved "https://registry.yarnpkg.com/@babel/helpers/-/helpers-7.5.5.tgz#63908d2a73942229d1e6685bc2a0e730dde3b75e"
  integrity sha512-nRq2BUhxZFnfEn/ciJuhklHvFOqjJUD5wpx+1bxUF2axL9C+v4DE/dmp5sT2dKnpOs4orZWzpAZqlCy8QqE/7g==
  dependencies:
    "@babel/template" "^7.4.4"
    "@babel/traverse" "^7.5.5"
    "@babel/types" "^7.5.5"

"@babel/highlight@^7.0.0":
  version "7.5.0"
  resolved "https://registry.yarnpkg.com/@babel/highlight/-/highlight-7.5.0.tgz#56d11312bd9248fa619591d02472be6e8cb32540"
  integrity sha512-7dV4eu9gBxoM0dAnj/BCFDW9LFU0zvTrkq0ugM7pnHEgguOEeOz1so2ZghEdzviYzQEED0r4EAgpsBChKy1TRQ==
  dependencies:
    chalk "^2.0.0"
    esutils "^2.0.2"
    js-tokens "^4.0.0"

"@babel/parser@^7.1.0", "@babel/parser@^7.4.3", "@babel/parser@^7.4.4", "@babel/parser@^7.5.5":
  version "7.5.5"
  resolved "https://registry.yarnpkg.com/@babel/parser/-/parser-7.5.5.tgz#02f077ac8817d3df4a832ef59de67565e71cca4b"
  integrity sha512-E5BN68cqR7dhKan1SfqgPGhQ178bkVKpXTPEXnFJBrEt8/DKRZlybmy+IgYLTeN7tp1R5Ccmbm2rBk17sHYU3g==

"@babel/plugin-syntax-object-rest-spread@^7.0.0":
  version "7.2.0"
  resolved "https://registry.yarnpkg.com/@babel/plugin-syntax-object-rest-spread/-/plugin-syntax-object-rest-spread-7.2.0.tgz#3b7a3e733510c57e820b9142a6579ac8b0dfad2e"
  integrity sha512-t0JKGgqk2We+9may3t0xDdmneaXmyxq0xieYcKHxIsrJO64n1OiMWNUtc5gQK1PA0NpdCRrtZp4z+IUaKugrSA==
  dependencies:
    "@babel/helper-plugin-utils" "^7.0.0"

"@babel/template@^7.1.0", "@babel/template@^7.4.0", "@babel/template@^7.4.4":
  version "7.4.4"
  resolved "https://registry.yarnpkg.com/@babel/template/-/template-7.4.4.tgz#f4b88d1225689a08f5bc3a17483545be9e4ed237"
  integrity sha512-CiGzLN9KgAvgZsnivND7rkA+AeJ9JB0ciPOD4U59GKbQP2iQl+olF1l76kJOupqidozfZ32ghwBEJDhnk9MEcw==
  dependencies:
    "@babel/code-frame" "^7.0.0"
    "@babel/parser" "^7.4.4"
    "@babel/types" "^7.4.4"

"@babel/traverse@^7.1.0", "@babel/traverse@^7.4.3", "@babel/traverse@^7.5.5":
  version "7.5.5"
  resolved "https://registry.yarnpkg.com/@babel/traverse/-/traverse-7.5.5.tgz#f664f8f368ed32988cd648da9f72d5ca70f165bb"
  integrity sha512-MqB0782whsfffYfSjH4TM+LMjrJnhCNEDMDIjeTpl+ASaUvxcjoiVCo/sM1GhS1pHOXYfWVCYneLjMckuUxDaQ==
  dependencies:
    "@babel/code-frame" "^7.5.5"
    "@babel/generator" "^7.5.5"
    "@babel/helper-function-name" "^7.1.0"
    "@babel/helper-split-export-declaration" "^7.4.4"
    "@babel/parser" "^7.5.5"
    "@babel/types" "^7.5.5"
    debug "^4.1.0"
    globals "^11.1.0"
    lodash "^4.17.13"

"@babel/types@^7.0.0", "@babel/types@^7.3.0", "@babel/types@^7.4.0", "@babel/types@^7.4.4", "@babel/types@^7.5.5":
  version "7.5.5"
  resolved "https://registry.yarnpkg.com/@babel/types/-/types-7.5.5.tgz#97b9f728e182785909aa4ab56264f090a028d18a"
  integrity sha512-s63F9nJioLqOlW3UkyMd+BYhXt44YuaFm/VV0VwuteqjYwRrObkU7ra9pY4wAJR3oXi8hJrMcrcJdO/HH33vtw==
  dependencies:
    esutils "^2.0.2"
    lodash "^4.17.13"
    to-fast-properties "^2.0.0"

"@cnakazawa/watch@^1.0.3":
  version "1.0.3"
  resolved "https://registry.yarnpkg.com/@cnakazawa/watch/-/watch-1.0.3.tgz#099139eaec7ebf07a27c1786a3ff64f39464d2ef"
  integrity sha512-r5160ogAvGyHsal38Kux7YYtodEKOj89RGb28ht1jh3SJb08VwRwAKKJL0bGb04Zd/3r9FL3BFIc3bBidYffCA==
  dependencies:
    exec-sh "^0.3.2"
    minimist "^1.2.0"

"@jest/console@^24.7.1":
  version "24.7.1"
  resolved "https://registry.yarnpkg.com/@jest/console/-/console-24.7.1.tgz#32a9e42535a97aedfe037e725bd67e954b459545"
  integrity sha512-iNhtIy2M8bXlAOULWVTUxmnelTLFneTNEkHCgPmgd+zNwy9zVddJ6oS5rZ9iwoscNdT5mMwUd0C51v/fSlzItg==
  dependencies:
    "@jest/source-map" "^24.3.0"
    chalk "^2.0.1"
    slash "^2.0.0"

"@jest/console@^24.9.0":
  version "24.9.0"
  resolved "https://registry.yarnpkg.com/@jest/console/-/console-24.9.0.tgz#79b1bc06fb74a8cfb01cbdedf945584b1b9707f0"
  integrity sha512-Zuj6b8TnKXi3q4ymac8EQfc3ea/uhLeCGThFqXeC8H9/raaH8ARPUTdId+XyGd03Z4In0/VjD2OYFcBF09fNLQ==
  dependencies:
    "@jest/source-map" "^24.9.0"
    chalk "^2.0.1"
    slash "^2.0.0"

"@jest/core@^24.9.0":
  version "24.9.0"
  resolved "https://registry.yarnpkg.com/@jest/core/-/core-24.9.0.tgz#2ceccd0b93181f9c4850e74f2a9ad43d351369c4"
  integrity sha512-Fogg3s4wlAr1VX7q+rhV9RVnUv5tD7VuWfYy1+whMiWUrvl7U3QJSJyWcDio9Lq2prqYsZaeTv2Rz24pWGkJ2A==
  dependencies:
    "@jest/console" "^24.7.1"
    "@jest/reporters" "^24.9.0"
    "@jest/test-result" "^24.9.0"
    "@jest/transform" "^24.9.0"
    "@jest/types" "^24.9.0"
    ansi-escapes "^3.0.0"
    chalk "^2.0.1"
    exit "^0.1.2"
    graceful-fs "^4.1.15"
    jest-changed-files "^24.9.0"
    jest-config "^24.9.0"
    jest-haste-map "^24.9.0"
    jest-message-util "^24.9.0"
    jest-regex-util "^24.3.0"
    jest-resolve "^24.9.0"
    jest-resolve-dependencies "^24.9.0"
    jest-runner "^24.9.0"
    jest-runtime "^24.9.0"
    jest-snapshot "^24.9.0"
    jest-util "^24.9.0"
    jest-validate "^24.9.0"
    jest-watcher "^24.9.0"
    micromatch "^3.1.10"
    p-each-series "^1.0.0"
    realpath-native "^1.1.0"
    rimraf "^2.5.4"
    slash "^2.0.0"
    strip-ansi "^5.0.0"

"@jest/environment@^24.9.0":
  version "24.9.0"
  resolved "https://registry.yarnpkg.com/@jest/environment/-/environment-24.9.0.tgz#21e3afa2d65c0586cbd6cbefe208bafade44ab18"
  integrity sha512-5A1QluTPhvdIPFYnO3sZC3smkNeXPVELz7ikPbhUj0bQjB07EoE9qtLrem14ZUYWdVayYbsjVwIiL4WBIMV4aQ==
  dependencies:
    "@jest/fake-timers" "^24.9.0"
    "@jest/transform" "^24.9.0"
    "@jest/types" "^24.9.0"
    jest-mock "^24.9.0"

"@jest/fake-timers@^24.9.0":
  version "24.9.0"
  resolved "https://registry.yarnpkg.com/@jest/fake-timers/-/fake-timers-24.9.0.tgz#ba3e6bf0eecd09a636049896434d306636540c93"
  integrity sha512-eWQcNa2YSwzXWIMC5KufBh3oWRIijrQFROsIqt6v/NS9Io/gknw1jsAC9c+ih/RQX4A3O7SeWAhQeN0goKhT9A==
  dependencies:
    "@jest/types" "^24.9.0"
    jest-message-util "^24.9.0"
    jest-mock "^24.9.0"

"@jest/reporters@^24.9.0":
  version "24.9.0"
  resolved "https://registry.yarnpkg.com/@jest/reporters/-/reporters-24.9.0.tgz#86660eff8e2b9661d042a8e98a028b8d631a5b43"
  integrity sha512-mu4X0yjaHrffOsWmVLzitKmmmWSQ3GGuefgNscUSWNiUNcEOSEQk9k3pERKEQVBb0Cnn88+UESIsZEMH3o88Gw==
  dependencies:
    "@jest/environment" "^24.9.0"
    "@jest/test-result" "^24.9.0"
    "@jest/transform" "^24.9.0"
    "@jest/types" "^24.9.0"
    chalk "^2.0.1"
    exit "^0.1.2"
    glob "^7.1.2"
    istanbul-lib-coverage "^2.0.2"
    istanbul-lib-instrument "^3.0.1"
    istanbul-lib-report "^2.0.4"
    istanbul-lib-source-maps "^3.0.1"
    istanbul-reports "^2.2.6"
    jest-haste-map "^24.9.0"
    jest-resolve "^24.9.0"
    jest-runtime "^24.9.0"
    jest-util "^24.9.0"
    jest-worker "^24.6.0"
    node-notifier "^5.4.2"
    slash "^2.0.0"
    source-map "^0.6.0"
    string-length "^2.0.0"

"@jest/source-map@^24.3.0":
  version "24.3.0"
  resolved "https://registry.yarnpkg.com/@jest/source-map/-/source-map-24.3.0.tgz#563be3aa4d224caf65ff77edc95cd1ca4da67f28"
  integrity sha512-zALZt1t2ou8le/crCeeiRYzvdnTzaIlpOWaet45lNSqNJUnXbppUUFR4ZUAlzgDmKee4Q5P/tKXypI1RiHwgag==
  dependencies:
    callsites "^3.0.0"
    graceful-fs "^4.1.15"
    source-map "^0.6.0"

"@jest/source-map@^24.9.0":
  version "24.9.0"
  resolved "https://registry.yarnpkg.com/@jest/source-map/-/source-map-24.9.0.tgz#0e263a94430be4b41da683ccc1e6bffe2a191714"
  integrity sha512-/Xw7xGlsZb4MJzNDgB7PW5crou5JqWiBQaz6xyPd3ArOg2nfn/PunV8+olXbbEZzNl591o5rWKE9BRDaFAuIBg==
  dependencies:
    callsites "^3.0.0"
    graceful-fs "^4.1.15"
    source-map "^0.6.0"

"@jest/test-result@^24.9.0":
  version "24.9.0"
  resolved "https://registry.yarnpkg.com/@jest/test-result/-/test-result-24.9.0.tgz#11796e8aa9dbf88ea025757b3152595ad06ba0ca"
  integrity sha512-XEFrHbBonBJ8dGp2JmF8kP/nQI/ImPpygKHwQ/SY+es59Z3L5PI4Qb9TQQMAEeYsThG1xF0k6tmG0tIKATNiiA==
  dependencies:
    "@jest/console" "^24.9.0"
    "@jest/types" "^24.9.0"
    "@types/istanbul-lib-coverage" "^2.0.0"

"@jest/test-sequencer@^24.9.0":
  version "24.9.0"
  resolved "https://registry.yarnpkg.com/@jest/test-sequencer/-/test-sequencer-24.9.0.tgz#f8f334f35b625a4f2f355f2fe7e6036dad2e6b31"
  integrity sha512-6qqsU4o0kW1dvA95qfNog8v8gkRN9ph6Lz7r96IvZpHdNipP2cBcb07J1Z45mz/VIS01OHJ3pY8T5fUY38tg4A==
  dependencies:
    "@jest/test-result" "^24.9.0"
    jest-haste-map "^24.9.0"
    jest-runner "^24.9.0"
    jest-runtime "^24.9.0"

"@jest/transform@^24.9.0":
  version "24.9.0"
  resolved "https://registry.yarnpkg.com/@jest/transform/-/transform-24.9.0.tgz#4ae2768b296553fadab09e9ec119543c90b16c56"
  integrity sha512-TcQUmyNRxV94S0QpMOnZl0++6RMiqpbH/ZMccFB/amku6Uwvyb1cjYX7xkp5nGNkbX4QPH/FcB6q1HBTHynLmQ==
  dependencies:
    "@babel/core" "^7.1.0"
    "@jest/types" "^24.9.0"
    babel-plugin-istanbul "^5.1.0"
    chalk "^2.0.1"
    convert-source-map "^1.4.0"
    fast-json-stable-stringify "^2.0.0"
    graceful-fs "^4.1.15"
    jest-haste-map "^24.9.0"
    jest-regex-util "^24.9.0"
    jest-util "^24.9.0"
    micromatch "^3.1.10"
    pirates "^4.0.1"
    realpath-native "^1.1.0"
    slash "^2.0.0"
    source-map "^0.6.1"
    write-file-atomic "2.4.1"

"@jest/types@^24.9.0":
  version "24.9.0"
  resolved "https://registry.yarnpkg.com/@jest/types/-/types-24.9.0.tgz#63cb26cb7500d069e5a389441a7c6ab5e909fc59"
  integrity sha512-XKK7ze1apu5JWQ5eZjHITP66AX+QsLlbaJRBGYr8pNzwcAE2JVkwnf0yqjHTsDRcjR0mujy/NmZMXw5kl+kGBw==
  dependencies:
    "@types/istanbul-lib-coverage" "^2.0.0"
    "@types/istanbul-reports" "^1.1.1"
    "@types/yargs" "^13.0.0"

"@types/babel__core@^7.1.0":
  version "7.1.2"
  resolved "https://registry.yarnpkg.com/@types/babel__core/-/babel__core-7.1.2.tgz#608c74f55928033fce18b99b213c16be4b3d114f"
  integrity sha512-cfCCrFmiGY/yq0NuKNxIQvZFy9kY/1immpSpTngOnyIbD4+eJOG5mxphhHDv3CHL9GltO4GcKr54kGBg3RNdbg==
  dependencies:
    "@babel/parser" "^7.1.0"
    "@babel/types" "^7.0.0"
    "@types/babel__generator" "*"
    "@types/babel__template" "*"
    "@typ